Microsoft Visual Studio Solution File, Format Version 11.00
# Visual Studio 2008

Project("{638FB826-6CBB-9066-532F-F844C4D5A732}") = "RTSCameraProject", "Assembly-CSharp-vs.csproj", "{2EDCCD8A-3CED-1FC4-7B19-72152C2C9383}"
EndProject
Project("{638FB826-6CBB-9066-532F-F844C4D5A732}") = "RTSCameraProject", "Assembly-CSharp-Editor-vs.csproj", "{EF6F6308-8728-3CF1-D264-321857B02D16}"
EndProject
Global
	GlobalSection(SolutionConfigurationPlatforms) = preSolution
		Debug|Any CPU = Debug|Any CPU
		Release|Any CPU = Release|Any CPU
	EndGlobalSection
	GlobalSection(ProjectConfigurationPlatforms) = postSolution
		{2EDCCD8A-3CED-1FC4-7B19-72152C2C9383}.Debug|Any CPU.ActiveCfg = Debug|Any CPU
		{2EDCCD8A-3CED-1FC4-7B19-72152C2C9383}.Debug|Any CPU.Build.0 = Debug|Any CPU
		{2EDCCD8A-3CED-1FC4-7B19-72152C2C9383}.Release|Any CPU.ActiveCfg = Release|Any CPU
		{2EDCCD8A-3CED-1FC4-7B19-72152C2C9383}.Release|Any CPU.Build.0 = Release|Any CPU
		{EF6F6308-8728-3CF1-D264-321857B02D16}.Debug|Any CPU.ActiveCfg = Debug|Any CPU
		{EF6F6308-8728-3CF1-D264-321857B02D16}.Debug|Any CPU.Build.0 = Debug|Any CPU
		{EF6F6308-8728-3CF1-D264-321857B02D16}.Release|Any CPU.ActiveCfg = Release|Any CPU
		{EF6F6308-8728-3CF1-D264-321857B02D16}.Release|Any CPU.Build.0 = Release|Any CPU
	EndGlobalSection
	GlobalSection(SolutionProperties) = preSolution
		HideSolutionNode = FALSE
	EndGlobalSection
																																																																																																																						GlobalSection(MonoDevelopProperties) = preSolution
		StartupItem = Assembly-CSharp.csproj
		Policies = $0
		$0.TextStylePolicy = $1
		$1.inheritsSet = null
		$1.scope = text/x-csharp
		$0.CSharpFormattingPolicy = $2
		$2.inheritsSet = Mono
		$2.inheritsScope = text/x-csharp
		$2.scope = text/x-csharp
		$0.TextStylePolicy = $3
		$3.FileWidth = 120
		$3.TabWidth = 4
		$3.EolMarker = Unix
		$3.inheritsSet = Mono
		$3.inheritsScope = text/plain
		$3.scope = text/plain
	EndGlobalSection

EndGlobal
